
Microsoft Visual Studio Solution File, Format Version 12.00
# Visual Studio Version 16
VisualStudioVersion = 16.0.30320.27
MinimumVisualStudioVersion = 10.0.40219.1
Project("{FAE04EC0-301F-11D3-BF4B-00C04F79EFBC}") = "MovieRenter", "MovieRenter\MovieRenter.csproj", "{6561C914-DD21-4DE6-B2B7-847D52F6D424}"
EndProject
Global
	GlobalSection(SolutionConfigurationPlatforms) = preSolution
		Debug|Any CPU = Debug|Any CPU
		Release|Any CPU = Release|Any CPU
	EndGlobalSection
	GlobalSection(ProjectConfigurationPlatforms) = postSolution
		{6561C914-DD21-4DE6-B2B7-847D52F6D424}.Debug|Any CPU.ActiveCfg = Debug|Any CPU
		{6561C914-DD21-4DE6-B2B7-847D52F6D424}.Debug|Any CPU.Build.0 = Debug|Any CPU
		{6561C914-DD21-4DE6-B2B7-847D52F6D424}.Release|Any CPU.ActiveCfg = Release|Any CPU
		{6561C914-DD21-4DE6-B2B7-847D52F6D424}.Release|Any CPU.Build.0 = Release|Any CPU
	EndGlobalSection
	GlobalSection(SolutionProperties) = preSolution
		HideSolutionNode = FALSE
	EndGlobalSection
	GlobalSection(ExtensibilityGlobals) = postSolution
		SolutionGuid = {84B1C90C-CC91-4972-A4F5-F429FDE9B86F}
	EndGlobalSection
EndGlobal
